
Microsoft Visual Studio Solution File, Format Version 12.00
# Visual Studio Version 17
VisualStudioVersion = 17.1.32127.271
MinimumVisualStudioVersion = 10.0.40219.1
Project("{FAE04EC0-301F-11D3-BF4B-00C04F79EFBC}") = "FastAPI", "FastAPI.csproj", "{ACAE9CE9-938C-4A3F-B5CB-F1074E974A88}"
EndProject
Global
	GlobalSection(SolutionConfigurationPlatforms) = preSolution
		Debug|Any CPU = Debug|Any CPU
		Release|Any CPU = Release|Any CPU
	EndGlobalSection
	GlobalSection(ProjectConfigurationPlatforms) = postSolution
		{ACAE9CE9-938C-4A3F-B5CB-F1074E974A88}.Debug|Any CPU.ActiveCfg = Debug|Any CPU
		{ACAE9CE9-938C-4A3F-B5CB-F1074E974A88}.Debug|Any CPU.Build.0 = Debug|Any CPU
		{ACAE9CE9-938C-4A3F-B5CB-F1074E974A88}.Release|Any CPU.ActiveCfg = Release|Any CPU
		{ACAE9CE9-938C-4A3F-B5CB-F1074E974A88}.Release|Any CPU.Build.0 = Release|Any CPU
	EndGlobalSection
	GlobalSection(SolutionProperties) = preSolution
		HideSolutionNode = FALSE
	EndGlobalSection
	GlobalSection(ExtensibilityGlobals) = postSolution
		SolutionGuid = {6C24E3CD-B599-41EA-8F73-F1E6D4DAEC30}
	EndGlobalSection
EndGlobal
